github.com/speedyhoon/frm v0.0.0-20260121042211-4b724f12575e h1:UZOS34/haw9Iby/psz5YY5yu+mfNOV7Jf9Tuj9T54rc=
github.com/speedyhoon/frm v0.0.0-20260121042211-4b724f12575e/go.mod h1:a3fZ2UJn3ztP9mXejj3QAi8b4Tl/TXXzntqSK8SmQSE=
github.com/speedyhoon/plrl v0.0.0-20260211001811-4633f847e897 h1:Z4yDkzWAAwC9/nonAYSUkynBySN3nfdri5LAmDkUNvg=
github.com/speedyhoon/plrl v0.0.0-20260211001811-4633f847e897/go.mod h1:XNF5451C/zadFpSy/FnDLHHCcK6DI5PVulkSN1dKYLA=
