github.com/speedyhoon/frm v0.0.0-20230614025350-2be465b7c98f h1:gAq3CbnQfBTHvXoZ6sw8hlZrHtqBngzJM5XWAYN/pS8=
github.com/speedyhoon/frm v0.0.0-20230614025350-2be465b7c98f/go.mod h1:vs3S6/UvRehonW3dR3QLh4V9EA3onN4pS5jwtZBabdw=
github.com/speedyhoon/utl v0.0.0-20211208115559-579b0d41ba64 h1:0hsIhEHciqzlQBCHxN2Vp2leXUybupQPW7Yr87gmKZU=
github.com/speedyhoon/utl v0.0.0-20211208115559-579b0d41ba64/go.mod h1:3etiVxTlUOc12SN7/OVwkJXTKGps3W9Oy+9a1+luvXg=
